
Microsoft Visual Studio Solution File, Format Version 12.00
# Visual Studio Version 16
VisualStudioVersion = 16.0.30907.101
MinimumVisualStudioVersion = 10.0.40219.1
Project("{FAE04EC0-301F-11D3-BF4B-00C04F79EFBC}") = "BookmarksWebApp", "BookmarksWebApp\BookmarksWebApp.csproj", "{00DFD3D2-AF61-4CE9-AD55-C844D49C986D}"
EndProject
Global
	GlobalSection(SolutionConfigurationPlatforms) = preSolution
		Debug|Any CPU = Debug|Any CPU
		Release|Any CPU = Release|Any CPU
	EndGlobalSection
	GlobalSection(ProjectConfigurationPlatforms) = postSolution
		{00DFD3D2-AF61-4CE9-AD55-C844D49C986D}.Debug|Any CPU.ActiveCfg = Debug|Any CPU
		{00DFD3D2-AF61-4CE9-AD55-C844D49C986D}.Debug|Any CPU.Build.0 = Debug|Any CPU
		{00DFD3D2-AF61-4CE9-AD55-C844D49C986D}.Release|Any CPU.ActiveCfg = Release|Any CPU
		{00DFD3D2-AF61-4CE9-AD55-C844D49C986D}.Release|Any CPU.Build.0 = Release|Any CPU
	EndGlobalSection
	GlobalSection(SolutionProperties) = preSolution
		HideSolutionNode = FALSE
	EndGlobalSection
	GlobalSection(ExtensibilityGlobals) = postSolution
		SolutionGuid = {CAB82052-B6DE-473A-A498-73441F62C1EB}
	EndGlobalSection
EndGlobal
